Microsoft Visual Studio Solution File, Format Version 8.00
Project("{8BC9CEB8-8B4A-11D0-8D11-00A0C91BC942}") = "testhivm", "src\test\testhivm.vcproj", "{AC149450-1B09-475E-B5BC-4C4FB6E859FA}"
	ProjectSection(ProjectDependencies) = postProject
		{02A3BD60-9E8E-4B03-8C9E-546D18E1DF7E} = {02A3BD60-9E8E-4B03-8C9E-546D18E1DF7E}
	EndProjectSection
EndProject
Project("{8BC9CEB8-8B4A-11D0-8D11-00A0C91BC942}") = "hivm", "src\hivm.vcproj", "{02A3BD60-9E8E-4B03-8C9E-546D18E1DF7E}"
	ProjectSection(ProjectDependencies) = postProject
	EndProjectSection
EndProject
Global
	GlobalSection(SolutionConfiguration) = preSolution
		Debug = Debug
		Debug_with_Visual_Leak_Detector = Debug_with_Visual_Leak_Detector
		Release = Release
	EndGlobalSection
	GlobalSection(ProjectConfiguration) = postSolution
		{AC149450-1B09-475E-B5BC-4C4FB6E859FA}.Debug.ActiveCfg = Debug|Win32
		{AC149450-1B09-475E-B5BC-4C4FB6E859FA}.Debug.Build.0 = Debug|Win32
		{AC149450-1B09-475E-B5BC-4C4FB6E859FA}.Debug_with_Visual_Leak_Detector.ActiveCfg = Debug_with_Visual_Leak_Detector|Win32
		{AC149450-1B09-475E-B5BC-4C4FB6E859FA}.Debug_with_Visual_Leak_Detector.Build.0 = Debug_with_Visual_Leak_Detector|Win32
		{AC149450-1B09-475E-B5BC-4C4FB6E859FA}.Release.ActiveCfg = Release|Win32
		{AC149450-1B09-475E-B5BC-4C4FB6E859FA}.Release.Build.0 = Release|Win32
		{02A3BD60-9E8E-4B03-8C9E-546D18E1DF7E}.Debug.ActiveCfg = Debug|Win32
		{02A3BD60-9E8E-4B03-8C9E-546D18E1DF7E}.Debug.Build.0 = Debug|Win32
		{02A3BD60-9E8E-4B03-8C9E-546D18E1DF7E}.Debug_with_Visual_Leak_Detector.ActiveCfg = Debug_with_Visual_Leak_Detector|Win32
		{02A3BD60-9E8E-4B03-8C9E-546D18E1DF7E}.Debug_with_Visual_Leak_Detector.Build.0 = Debug_with_Visual_Leak_Detector|Win32
		{02A3BD60-9E8E-4B03-8C9E-546D18E1DF7E}.Release.ActiveCfg = Release|Win32
		{02A3BD60-9E8E-4B03-8C9E-546D18E1DF7E}.Release.Build.0 = Release|Win32
	EndGlobalSection
	GlobalSection(ExtensibilityGlobals) = postSolution
		utm.vbproject.release.deployment.override_file = 
		utm.vbproject.release.build.custom_constants = 
		utm.vbproject.release.build.warnings_as_errors = No
		utm.vbproject.release.build.enable_build_warnings = Yes
		utm.vbproject.release.build.generate_debug_info = Yes
		utm.vbproject.release.build.output_path = $(ProjectDir)\bin\
		utm.vbproject.release.optimizations.enable_incr_build = No
		utm.vbproject.release.optimizations.enable_optimizations = Yes
		utm.vbproject.release.optimizations.remove_int_overflow_check = No
		utm.vbproject.release.debugging.sql_server_debugging = No
		utm.vbproject.release.debugging.unmanaged_code_debugging = No
		utm.vbproject.release.debugging.enable_asp_debugging = No
		utm.vbproject.release.debugging.enable_aspdotnet_debugging = No
		utm.vbproject.release.debugging.always_use_ie = Yes
		utm.vbproject.release.debugging.remote_machine_name = 
		utm.vbproject.release.debugging.use_remote_machine = No
		utm.vbproject.release.debugging.working_directory = 
		utm.vbproject.release.debugging.command_line_args = 
		utm.vbproject.release.debugging.start_url = 
		utm.vbproject.release.debugging.start_external_program = 
		utm.vbproject.release.debugging.start_action = StartProject
		utm.vbproject.debug.deployment.override_file = 
		utm.vbproject.debug.build.custom_constants = 
		utm.vbproject.debug.build.warnings_as_errors = No
		utm.vbproject.debug.build.enable_build_warnings = Yes
		utm.vbproject.debug.build.generate_debug_info = Yes
		utm.vbproject.debug.build.output_path = $(ProjectDir)\bin\
		utm.vbproject.debug.optimizations.enable_incr_build = Yes
		utm.vbproject.debug.optimizations.enable_optimizations = No
		utm.vbproject.debug.optimizations.remove_int_overflow_check = No
		utm.vbproject.debug.debugging.sql_server_debugging = No
		utm.vbproject.debug.debugging.unmanaged_code_debugging = No
		utm.vbproject.debug.debugging.enable_asp_debugging = No
		utm.vbproject.debug.debugging.enable_aspdotnet_debugging = No
		utm.vbproject.debug.debugging.always_use_ie = Yes
		utm.vbproject.debug.debugging.remote_machine_name = 
		utm.vbproject.debug.debugging.use_remote_machine = No
		utm.vbproject.debug.debugging.working_directory = 
		utm.vbproject.debug.debugging.command_line_args = 
		utm.vbproject.debug.debugging.start_url = 
		utm.vbproject.debug.debugging.start_external_program = 
		utm.vbproject.debug.debugging.start_action = StartProject
		utm.vbproject.common_properties.designer_defaults.client_script_language = JScript
		utm.vbproject.common_properties.designer_defaults.target_schema = InternetExplorer5.0
		utm.vbproject.common_properties.designer_defaults.page_layout = Grid
		utm.vbproject.common_properties.reference_path.references = System;System.Data;System.XML;nunit.framework
		utm.vbproject.common_properties.reference_path.ref_path = 
		utm.vbproject.common_properties.reference_path.folder = 
		utm.vbproject.common_properties.imports.project_imports = Microsoft.VisualBasic;System;System.Collections;System.Data;System.Diagnostics;System.Drawing;System.Windows.Forms
		utm.vbproject.common_properties.imports.namespace = 
		utm.vbproject.common_properties.build.supported_runtimes = MicrosoftDotNetFrameworkV1_1
		utm.vbproject.common_properties.build.option_compare = Binary
		utm.vbproject.common_properties.build.option_strict = No
		utm.vbproject.common_properties.build.option_explicit = Yes
		utm.vbproject.common_properties.build.application_icon = 
		utm.vbproject.common_properties.root_namespace = $(ProjectName)
		utm.vbproject.common_properties.startup_object = (None)
		utm.vbproject.common_properties.output_type = ClassLibrary
		utm.vbproject.common_properties.assembly_name = $(ProjectName)
		utm.csproject.release.advanced.do_not_use_mscorlib = No
		utm.csproject.release.advanced.file_alignment = 4096
		utm.csproject.release.advanced.base_address = 285212672
		utm.csproject.release.advanced.incremental_build = No
		utm.csproject.release.debugging.remote_debug_machine = 
		utm.csproject.release.debugging.enable_remote_debugging = No
		utm.csproject.release.debugging.always_use_ie = True
		utm.csproject.release.debugging.working_directory = 
		utm.csproject.release.debugging.command_line_args = 
		utm.csproject.release.debugging.start_page = 
		utm.csproject.release.debugging.start_url = 
		utm.csproject.release.debugging.start_application = 
		utm.csproject.release.debugging.debug_mode = Project
		utm.csproject.release.debugging.enable_sql_debugging = No
		utm.csproject.release.debugging.enable_unmanaged_debugging = No
		utm.csproject.release.debugging.enable_asp_net_debugging = No
		utm.csproject.release.debugging.enable_asp_debugging = No
		utm.csproject.release.build.generate_debug_info = No
		utm.csproject.release.build.xml_doc_file = 
		utm.csproject.release.build.output_path = .\bin\Release
		utm.csproject.release.build.suppress_specific_warnings = 
		utm.csproject.release.build.warnings_as_errors = No
		utm.csproject.release.build.warning_level = WarningLevel4
		utm.csproject.release.build.allow_unsafe_code_blocks = No
		utm.csproject.release.build.check_for_overflow = Yes
		utm.csproject.release.build.optimize_code = Yes
		utm.csproject.release.build.conditional_compilation_constants = TRACE
		utm.csproject.debug.advanced.do_not_use_mscorlib = No
		utm.csproject.debug.advanced.file_alignment = 4096
		utm.csproject.debug.advanced.base_address = 285212672
		utm.csproject.debug.advanced.incremental_build = No
		utm.csproject.debug.debugging.remote_debug_machine = 
		utm.csproject.debug.debugging.enable_remote_debugging = No
		utm.csproject.debug.debugging.always_use_ie = Yes
		utm.csproject.debug.debugging.working_directory = 
		utm.csproject.debug.debugging.command_line_args = 
		utm.csproject.debug.debugging.start_page = 
		utm.csproject.debug.debugging.start_url = 
		utm.csproject.debug.debugging.start_application = 
		utm.csproject.debug.debugging.debug_mode = Project
		utm.csproject.debug.debugging.enable_sql_debugging = No
		utm.csproject.debug.debugging.enable_unmanaged_debugging = No
		utm.csproject.debug.debugging.enable_asp_net_debugging = No
		utm.csproject.debug.debugging.enable_asp_debugging = No
		utm.csproject.debug.build.generate_debug_info = Yes
		utm.csproject.debug.build.xml_doc_file = 
		utm.csproject.debug.build.output_path = .\bin\Debug
		utm.csproject.debug.build.suppress_specific_warnings = 
		utm.csproject.debug.build.warnings_as_errors = No
		utm.csproject.debug.build.warning_level = WarningLevel4
		utm.csproject.debug.build.allow_unsafe_code_blocks = No
		utm.csproject.debug.build.check_for_overflow = No
		utm.csproject.debug.build.optimize_code = No
		utm.csproject.debug.build.conditional_compilation_constants = DEBUG;TRACE
		utm.csproject.common_properties.references = System;nunit.framework
		utm.csproject.common_properties.client_script_language = JScript
		utm.csproject.common_properties.target_schema = InternetExplorer5.0
		utm.csproject.common_properties.page_layout = Grid
		utm.csproject.common_properties.wrapper_key_name = 
		utm.csproject.common_properties.wrapper_key_file = 
		utm.csproject.common_properties.startup_object = (Not set)
		utm.csproject.common_properties.output_type = ClassLibrary
		utm.project.release.librarian.command_line.additional_options = 
		utm.project.release.librarian.general.force_symbol_refs = 
		utm.project.release.librarian.general.export_named_functions = 
		utm.project.release.librarian.general.ignore_specific_lib = 
		utm.project.release.librarian.general.ignore_all_default_libs = No
		utm.project.release.librarian.general.module_def_file_name = 
		utm.project.release.librarian.general.suppress_startup_banner = Yes
		utm.project.release.librarian.general.additional_library_dirs = 
		utm.project.release.librarian.general.additional_dependencies = 
		utm.project.release.librarian.general.output_file = $(OutDir)/$(ProjectName).lib
		utm.project.release.linker.advanced.target_machine = x86
		utm.project.release.linker.advanced.merge_sections = 
		utm.project.release.linker.advanced.import_lib = 
		utm.project.release.linker.advanced.delay_loaded = No
		utm.project.release.linker.advanced.turn_off_assembly = No
		utm.project.release.linker.advanced.fixed_base_address = Default
		utm.project.release.linker.advanced.base_address = 
		utm.project.release.linker.advanced.set_checksum = No
		utm.project.release.linker.advanced.resource_only_dll = No
		utm.project.release.linker.advanced.entry_point = 
		utm.project.release.linker.emded_dll.typelib_id = 1
		utm.project.release.linker.emded_dll.type_lib = 
		utm.project.release.linker.emded_dll.file_name = 
		utm.project.release.linker.emded_dll.ignore_embed_idl = No
		utm.project.release.linker.emded_dll.midl_commands = 
		utm.project.release.linker.optimization.func_order = 
		utm.project.release.linker.optimization.opt_for_win98 = Default
		utm.project.release.linker.optimization.comdat = Default
		utm.project.release.linker.optimization.references = Default
		utm.project.release.linker.system.swap_from_net = No
		utm.project.release.linker.system.swap_from_cd = No
		utm.project.release.linker.system.terminal_server = Default
		utm.project.release.linker.system.enable_large_addr = Default
		utm.project.release.linker.system.stack_commit = 0
		utm.project.release.linker.system.stack_reserve = 0
		utm.project.release.linker.system.heap_commit = 0
		utm.project.release.linker.system.heap_reserve = 0
		utm.project.release.linker.system.subsystem = Console
		utm.project.release.linker.debugging.debug_assembly = NoDebuggableAttributeEmited
		utm.project.release.linker.debugging.map_lines = No
		utm.project.release.linker.debugging.map_exports = No
		utm.project.release.linker.debugging.map_file_name = 
		utm.project.release.linker.debugging.map_file = No
		utm.project.release.linker.debugging.strip_private_symbols = 
		utm.project.release.linker.debugging.pdb_file = $(OutDir)/$(ProjectName).pdb
		utm.project.release.linker.debugging.generate_debug_info = Yes
		utm.project.release.linker.input.delay_loaded_dlls = 
		utm.project.release.linker.input.force_symbol_ref = 
		utm.project.release.linker.input.embed_resource = 
		utm.project.release.linker.input.add_module_to_assembly = 
		utm.project.release.linker.input.module_def_file = 
		utm.project.release.linker.input.ignore_specific_lib = 
		utm.project.release.linker.input.ignore_all_default_libs = No
		utm.project.release.linker.input.additional_deps = 
		utm.project.release.linker.general.additional_dirs = 
		utm.project.release.linker.general.register_output = No
		utm.project.release.linker.general.import_lib = No
		utm.project.release.linker.general.suppress_startup_banner = Yes
		utm.project.release.linker.general.inc_link = Yes
		utm.project.release.linker.general.version = 
		utm.project.release.linker.general.show_progress = NotSet
		utm.project.release.linker.general.output_file = 
		utm.project.release.compiler.advanced.command_line = 
		utm.project.release.compiler.advanced.undefine_all = No
		utm.project.release.compiler.advanced.undefine = 
		utm.project.release.compiler.advanced.show_includes = No
		utm.project.release.compiler.advanced.force_using = 
		utm.project.release.compiler.advanced.force_includes = 
		utm.project.release.compiler.advanced.disable_warnings = 
		utm.project.release.compiler.advanced.compile_as = Default
		utm.project.release.compiler.advanced.call_convention = cdecl
		utm.project.release.compiler.browse_information.browse_file = 
		utm.project.release.compiler.browse_information.enable = None
		utm.project.release.compiler.output_files.pdb = $(IntDir)/vc70.pdb
		utm.project.release.compiler.output_files.object_filename = $(IntDir)/
		utm.project.release.compiler.output_files.asm_list_location = 
		utm.project.release.compiler.output_files.assembler_output = NoListing
		utm.project.release.compiler.output_files.expand_attr = No
		utm.project.release.compiler.precompiled_headers.precompiled_header = 
		utm.project.release.compiler.precompiled_headers.create_through = 
		utm.project.release.compiler.precompiled_headers.create_use = NotUsing
		utm.project.release.compiler.language.rtti = No
		utm.project.release.compiler.language.force_loop = No
		utm.project.release.compiler.language.wchar_builtin = No
		utm.project.release.compiler.language.def_char_unsigned = No
		utm.project.release.compiler.language.disable_lang_ext = No
		utm.project.release.compiler.codegeneration.enhanced_instr_set = NotSet
		utm.project.release.compiler.codegeneration.function_linking = No
		utm.project.release.compiler.codegeneration.buffer_security_check = No
		utm.project.release.compiler.codegeneration.struct_alignment = Default
		utm.project.release.compiler.codegeneration.runtime_library = MultithreadedDebugDLL
		utm.project.release.compiler.codegeneration.basic_runtime_check = None
		utm.project.release.compiler.codegeneration.smaller_type_check = No
		utm.project.release.compiler.codegeneration.enable_exceptions = Yes
		utm.project.release.compiler.codegeneration.minimal_rebuild = Yes
		utm.project.release.compiler.codegeneration.string_pooling = No
		utm.project.release.compiler.preprocessor.keep_comments = No
		utm.project.release.compiler.preprocessor.generate_preprocessed_file = No
		utm.project.release.compiler.preprocessor.ignore_standard_include_path = No
		utm.project.release.compiler.preprocessor.defs = 
		utm.project.release.compiler.optimization.opt_for_windows = No
		utm.project.release.compiler.optimization.opt_for_processor = 
		utm.project.release.compiler.optimization.enable_fiber_safe_opt = No
		utm.project.release.compiler.optimization.omit_frame_pointers = No
		utm.project.release.compiler.optimization.size_or_speed = Neither
		utm.project.release.compiler.optimization.floating_point_cnst = No
		utm.project.release.compiler.optimization.intrinsic_function = No
		utm.project.release.compiler.optimization.inline_function = AnySuitable
		utm.project.release.compiler.optimization.global_opt = No
		utm.project.release.compiler.optimization.enable = Disabled
		utm.project.release.compiler.general.warning_as_error = No
		utm.project.release.compiler.general.portability_64 = Yes
		utm.project.release.compiler.general.warning_level = Level3
		utm.project.release.compiler.general.suppress_startup_banner = Yes
		utm.project.release.compiler.general.debug_info = EditAndContinue
		utm.project.release.compiler.general.additional_using = 
		utm.project.release.compiler.general.additional_include = 
		utm.project.debug.librarian.command_line.additional_options = 
		utm.project.debug.librarian.general.force_symbol_refs = 
		utm.project.debug.librarian.general.export_named_functions = 
		utm.project.debug.librarian.general.ignore_specific_lib = 
		utm.project.debug.librarian.general.ignore_all_default_libs = No
		utm.project.debug.librarian.general.module_def_file_name = 
		utm.project.debug.librarian.general.suppress_startup_banner = Yes
		utm.project.debug.librarian.general.additional_library_dirs = 
		utm.project.debug.librarian.general.additional_dependencies = 
		utm.project.debug.librarian.general.output_file = $(OutDir)/$(ProjectName).lib
		utm.project.debug.linker.advanced.target_machine = x86
		utm.project.debug.linker.advanced.merge_sections = 
		utm.project.debug.linker.advanced.import_lib = 
		utm.project.debug.linker.advanced.delay_loaded = No
		utm.project.debug.linker.advanced.turn_off_assembly = No
		utm.project.debug.linker.advanced.fixed_base_address = Default
		utm.project.debug.linker.advanced.base_address = 
		utm.project.debug.linker.advanced.set_checksum = No
		utm.project.debug.linker.advanced.resource_only_dll = No
		utm.project.debug.linker.advanced.entry_point = 
		utm.project.debug.linker.emded_dll.typelib_id = 1
		utm.project.debug.linker.emded_dll.type_lib = 
		utm.project.debug.linker.emded_dll.file_name = 
		utm.project.debug.linker.emded_dll.ignore_embed_idl = No
		utm.project.debug.linker.emded_dll.midl_commands = 
		utm.project.debug.linker.optimization.func_order = 
		utm.project.debug.linker.optimization.opt_for_win98 = Default
		utm.project.debug.linker.optimization.comdat = Default
		utm.project.debug.linker.optimization.references = Default
		utm.project.debug.linker.system.swap_from_net = No
		utm.project.debug.linker.system.swap_from_cd = No
		utm.project.debug.linker.system.terminal_server = Default
		utm.project.debug.linker.system.enable_large_addr = Default
		utm.project.debug.linker.system.stack_commit = 0
		utm.project.debug.linker.system.stack_reserve = 0
		utm.project.debug.linker.system.heap_commit = 0
		utm.project.debug.linker.system.heap_reserve = 0
		utm.project.debug.linker.system.subsystem = Console
		utm.project.debug.linker.debugging.debug_assembly = NoDebuggableAttributeEmited
		utm.project.debug.linker.debugging.map_lines = No
		utm.project.debug.linker.debugging.map_exports = No
		utm.project.debug.linker.debugging.map_file_name = 
		utm.project.debug.linker.debugging.map_file = No
		utm.project.debug.linker.debugging.strip_private_symbols = 
		utm.project.debug.linker.debugging.pdb_file = $(OutDir)/$(ProjectName).pdb
		utm.project.debug.linker.debugging.generate_debug_info = Yes
		utm.project.debug.linker.input.delay_loaded_dlls = 
		utm.project.debug.linker.input.force_symbol_ref = 
		utm.project.debug.linker.input.embed_resource = 
		utm.project.debug.linker.input.add_module_to_assembly = 
		utm.project.debug.linker.input.module_def_file = 
		utm.project.debug.linker.input.ignore_specific_lib = 
		utm.project.debug.linker.input.ignore_all_default_libs = No
		utm.project.debug.linker.input.additional_deps = libboost_unit_test_framework-vc71-mt-sgd.lib
		utm.project.debug.linker.general.additional_dirs = C:\Boost\lib
		utm.project.debug.linker.general.register_output = No
		utm.project.debug.linker.general.import_lib = No
		utm.project.debug.linker.general.suppress_startup_banner = Yes
		utm.project.debug.linker.general.inc_link = Yes
		utm.project.debug.linker.general.version = 
		utm.project.debug.linker.general.show_progress = NotSet
		utm.project.debug.linker.general.output_file = 
		utm.project.debug.compiler.advanced.command_line = 
		utm.project.debug.compiler.advanced.undefine_all = No
		utm.project.debug.compiler.advanced.undefine = 
		utm.project.debug.compiler.advanced.show_includes = No
		utm.project.debug.compiler.advanced.force_using = 
		utm.project.debug.compiler.advanced.force_includes = 
		utm.project.debug.compiler.advanced.disable_warnings = 
		utm.project.debug.compiler.advanced.compile_as = Default
		utm.project.debug.compiler.advanced.call_convention = cdecl
		utm.project.debug.compiler.browse_information.browse_file = 
		utm.project.debug.compiler.browse_information.enable = None
		utm.project.debug.compiler.output_files.pdb = $(IntDir)/vc70.pdb
		utm.project.debug.compiler.output_files.object_filename = $(IntDir)/
		utm.project.debug.compiler.output_files.asm_list_location = 
		utm.project.debug.compiler.output_files.assembler_output = NoListing
		utm.project.debug.compiler.output_files.expand_attr = No
		utm.project.debug.compiler.precompiled_headers.precompiled_header = 
		utm.project.debug.compiler.precompiled_headers.create_through = 
		utm.project.debug.compiler.precompiled_headers.create_use = NotUsing
		utm.project.debug.compiler.language.rtti = No
		utm.project.debug.compiler.language.force_loop = No
		utm.project.debug.compiler.language.wchar_builtin = No
		utm.project.debug.compiler.language.def_char_unsigned = No
		utm.project.debug.compiler.language.disable_lang_ext = No
		utm.project.debug.compiler.codegeneration.enhanced_instr_set = NotSet
		utm.project.debug.compiler.codegeneration.function_linking = No
		utm.project.debug.compiler.codegeneration.buffer_security_check = No
		utm.project.debug.compiler.codegeneration.struct_alignment = Default
		utm.project.debug.compiler.codegeneration.runtime_library = MultithreadedDebugDLL
		utm.project.debug.compiler.codegeneration.basic_runtime_check = None
		utm.project.debug.compiler.codegeneration.smaller_type_check = No
		utm.project.debug.compiler.codegeneration.enable_exceptions = Yes
		utm.project.debug.compiler.codegeneration.minimal_rebuild = Yes
		utm.project.debug.compiler.codegeneration.string_pooling = No
		utm.project.debug.compiler.preprocessor.keep_comments = No
		utm.project.debug.compiler.preprocessor.generate_preprocessed_file = No
		utm.project.debug.compiler.preprocessor.ignore_standard_include_path = No
		utm.project.debug.compiler.preprocessor.defs = 
		utm.project.debug.compiler.optimization.opt_for_windows = No
		utm.project.debug.compiler.optimization.opt_for_processor = Blended
		utm.project.debug.compiler.optimization.enable_fiber_safe_opt = No
		utm.project.debug.compiler.optimization.omit_frame_pointers = No
		utm.project.debug.compiler.optimization.size_or_speed = Neither
		utm.project.debug.compiler.optimization.floating_point_cnst = No
		utm.project.debug.compiler.optimization.intrinsic_function = No
		utm.project.debug.compiler.optimization.inline_function = Disable
		utm.project.debug.compiler.optimization.global_opt = No
		utm.project.debug.compiler.optimization.enable = Disabled
		utm.project.debug.compiler.general.warning_as_error = No
		utm.project.debug.compiler.general.portability_64 = Yes
		utm.project.debug.compiler.general.warning_level = Level3
		utm.project.debug.compiler.general.suppress_startup_banner = Yes
		utm.project.debug.compiler.general.debug_info = EditAndContinue
		utm.project.debug.compiler.general.additional_using = 
		utm.project.debug.compiler.general.additional_include = C:\Boost\include\boost-1_33_1
		utm.project.debugging.cmd_args = 
		utm.project.debugging.work_dir = 
		utm.project.debugging.command = $(TargetPath)
		utm.project.directories.references = 
		utm.project.directories.build_dir = $(ConfigurationName)/bin
		utm.project.directories.intermediate_path = $(ConfigurationName)/obj
		utm.project.type = exe
		utm.project.use_managed_extensions = No
		utm.unit_test_project.junit_dir = junit.xml
		utm.unit_test_project.junit_enable = No
		utm.unit_test_project.raw_xml_dir = log.xml
		utm.unit_test_project.raw_xml_enable = No
		utm.unit_test_project.default_suite_name = MySuite
		utm.unit_test_project.test_log_file = anyunit.log
		utm.unit_test_project.test_log_dir = test.log
		utm.unit_test_project.test_case_prefix = test
		utm.unit_test_project.suite_name = $(TestProjectName)Suite
		utm.unit_test_project.test_project_dir = $(ProjectDir)\test
		utm.unit_test_project.test_project_name = test$(ProjectName)
		utm.layouts.layout_dirs = 
		utm.layouts.active_layout = boost.1.31
		utm.general.enable = Yes
	EndGlobalSection
	GlobalSection(ExtensibilityAddIns) = postSolution
	EndGlobalSection
EndGlobal
